
Microsoft Visual Studio Solution File, Format Version 12.00
# Visual Studio 15
VisualStudioVersion = 15.0.27130.2010
MinimumVisualStudioVersion = 10.0.40219.1
Project("{FAE04EC0-301F-11D3-BF4B-00C04F79EFBC}") = "InvoicingAppWPF", "InvoicingAppWPF\InvoicingAppWPF.csproj", "{20A8D5F7-5C0D-4435-8FC7-501E263CE8FA}"
EndProject
Global
	GlobalSection(SolutionConfigurationPlatforms) = preSolution
		Debug|Any CPU = Debug|Any CPU
		Debug|ARM = Debug|ARM
		Debug|x64 = Debug|x64
		Debug|x86 = Debug|x86
		Release|Any CPU = Release|Any CPU
		Release|ARM = Release|ARM
		Release|x64 = Release|x64
		Release|x86 = Release|x86
	EndGlobalSection
	GlobalSection(ProjectConfigurationPlatforms) = postSolution
		{20A8D5F7-5C0D-4435-8FC7-501E263CE8FA}.Debug|Any CPU.ActiveCfg = Debug|Any CPU
		{20A8D5F7-5C0D-4435-8FC7-501E263CE8FA}.Debug|Any CPU.Build.0 = Debug|Any CPU
		{20A8D5F7-5C0D-4435-8FC7-501E263CE8FA}.Debug|ARM.ActiveCfg = Debug|Any CPU
		{20A8D5F7-5C0D-4435-8FC7-501E263CE8FA}.Debug|ARM.Build.0 = Debug|Any CPU
		{20A8D5F7-5C0D-4435-8FC7-501E263CE8FA}.Debug|x64.ActiveCfg = Debug|Any CPU
		{20A8D5F7-5C0D-4435-8FC7-501E263CE8FA}.Debug|x64.Build.0 = Debug|Any CPU
		{20A8D5F7-5C0D-4435-8FC7-501E263CE8FA}.Debug|x86.ActiveCfg = Debug|Any CPU
		{20A8D5F7-5C0D-4435-8FC7-501E263CE8FA}.Debug|x86.Build.0 = Debug|Any CPU
		{20A8D5F7-5C0D-4435-8FC7-501E263CE8FA}.Release|Any CPU.ActiveCfg = Release|Any CPU
		{20A8D5F7-5C0D-4435-8FC7-501E263CE8FA}.Release|Any CPU.Build.0 = Release|Any CPU
		{20A8D5F7-5C0D-4435-8FC7-501E263CE8FA}.Release|ARM.ActiveCfg = Release|Any CPU
		{20A8D5F7-5C0D-4435-8FC7-501E263CE8FA}.Release|ARM.Build.0 = Release|Any CPU
		{20A8D5F7-5C0D-4435-8FC7-501E263CE8FA}.Release|x64.ActiveCfg = Release|Any CPU
		{20A8D5F7-5C0D-4435-8FC7-501E263CE8FA}.Release|x64.Build.0 = Release|Any CPU
		{20A8D5F7-5C0D-4435-8FC7-501E263CE8FA}.Release|x86.ActiveCfg = Release|Any CPU
		{20A8D5F7-5C0D-4435-8FC7-501E263CE8FA}.Release|x86.Build.0 = Release|Any CPU
	EndGlobalSection
	GlobalSection(SolutionProperties) = preSolution
		HideSolutionNode = FALSE
	EndGlobalSection
	GlobalSection(ExtensibilityGlobals) = postSolution
		SolutionGuid = {7F78AB34-B84C-4FA7-85C6-5BBC12F1D937}
	EndGlobalSection
EndGlobal
